// !$*UTF8*$!
{
	archiveVersion = 1;
	classes = {
	};
	objectVersion = 48;
	objects = {

/* Begin PBXBuildFile section */
		9C38F45E1F743FE1002795DB /* TweetTableViewCell.swift in Sources */ = {isa = PBXBuildFile; fileRef = 9C38F45D1F743FE1002795DB /* TweetTableViewCell.swift */; };
		9C53D3751F75966300967498 /* Twitter.framework in Frameworks */ = {isa = PBXBuildFile; fileRef = 9C53D3741F75966300967498 /* Twitter.framework */; };
		9C53D3761F75966300967498 /* Twitter.framework in Embed Frameworks */ = {isa = PBXBuildFile; fileRef = 9C53D3741F75966300967498 /* Twitter.framework */; settings = {ATTRIBUTES = (CodeSignOnCopy, RemoveHeadersOnCopy, ); }; };
		9CFB3FE31F64259300CB9FAA /* AppDelegate.swift in Sources */ = {isa = PBXBuildFile; fileRef = 9CFB3FE21F64259300CB9FAA /* AppDelegate.swift */; };
		9CFB3FE81F64259300CB9FAA /* Main.storyboard in Resources */ = {isa = PBXBuildFile; fileRef = 9CFB3FE61F64259300CB9FAA /* Main.storyboard */; };
		9CFB3FEA1F64259300CB9FAA /* Assets.xcassets in Resources */ = {isa = PBXBuildFile; fileRef = 9CFB3FE91F64259300CB9FAA /* Assets.xcassets */; };
		9CFB3FED1F64259300CB9FAA /* LaunchScreen.storyboard in Resources */ = {isa = PBXBuildFile; fileRef = 9CFB3FEB1F64259300CB9FAA /* LaunchScreen.storyboard */; };
		9CFB3FF61F64267C00CB9FAA /* TweetTableViewController.swift in Sources */ = {isa = PBXBuildFile; fileRef = 9CFB3FF51F64267C00CB9FAA /* TweetTableViewController.swift */; };
/* End PBXBuildFile section */

/* Begin PBXCopyFilesBuildPhase section */
		9C53D3771F75966300967498 /* Embed Frameworks */ = {
			isa = PBXCopyFilesBuildPhase;
			buildActionMask = 2147483647;
			dstPath = "";
			dstSubfolderSpec = 10;
			files = (
				9C53D3761F75966300967498 /* Twitter.framework in Embed Frameworks */,
			);
			name = "Embed Frameworks";
			runOnlyForDeploymentPostprocessing = 0;
		};
/* End PBXCopyFilesBuildPhase section */

/* Begin PBXFileReference section */
		9C38F45D1F743FE1002795DB /* TweetTableViewCell.swift */ = {isa = PBXFileReference; lastKnownFileType = sourcecode.swift; path = TweetTableViewCell.swift; sourceTree = "<group>"; };
		9C53D3741F75966300967498 /* Twitter.framework */ = {isa = PBXFileReference; explicitFileType = wrapper.framework; path = Twitter.framework; sourceTree = BUILT_PRODUCTS_DIR; };
		9CFB3FDF1F64259300CB9FAA /* Smashtag.app */ = {isa = PBXFileReference; explicitFileType = wrapper.application; includeInIndex = 0; path = Smashtag.app; sourceTree = BUILT_PRODUCTS_DIR; };
		9CFB3FE21F64259300CB9FAA /* AppDelegate.swift */ = {isa = PBXFileReference; lastKnownFileType = sourcecode.swift; path = AppDelegate.swift; sourceTree = "<group>"; };
		9CFB3FE71F64259300CB9FAA /* Base */ = {isa = PBXFileReference; lastKnownFileType = file.storyboard; name = Base; path = Base.lproj/Main.storyboard; sourceTree = "<group>"; };
		9CFB3FE91F64259300CB9FAA /* Assets.xcassets */ = {isa = PBXFileReference; lastKnownFileType = folder.assetcatalog; path = Assets.xcassets; sourceTree = "<group>"; };
		9CFB3FEC1F64259300CB9FAA /* Base */ = {isa = PBXFileReference; lastKnownFileType = file.storyboard; name = Base; path = Base.lproj/LaunchScreen.storyboard; sourceTree = "<group>"; };
		9CFB3FEE1F64259300CB9FAA /* Info.plist */ = {isa = PBXFileReference; lastKnownFileType = text.plist.xml; path = Info.plist; sourceTree = "<group>"; };
		9CFB3FF51F64267C00CB9FAA /* TweetTableViewController.swift */ = {isa = PBXFileReference; lastKnownFileType = sourcecode.swift; path = TweetTableViewController.swift; sourceTree = "<group>"; };
/* End PBXFileReference section */

/* Begin PBXFrameworksBuildPhase section */
		9CFB3FDC1F64259300CB9FAA /* Frameworks */ = {
			isa = PBXFrameworksBuildPhase;
			buildActionMask = 2147483647;
			files = (
				9C53D3751F75966300967498 /* Twitter.framework in Frameworks */,
			);
			runOnlyForDeploymentPostprocessing = 0;
		};
/* End PBXFrameworksBuildPhase section */

/* Begin PBXGroup section */
		9CFB3FD61F64259300CB9FAA = {
			isa = PBXGroup;
			children = (
				9C53D3741F75966300967498 /* Twitter.framework */,
				9CFB3FE11F64259300CB9FAA /* Smashtag */,
				9CFB3FE01F64259300CB9FAA /* Products */,
			);
			sourceTree = "<group>";
		};
		9CFB3FE01F64259300CB9FAA /* Products */ = {
			isa = PBXGroup;
			children = (
				9CFB3FDF1F64259300CB9FAA /* Smashtag.app */,
			);
			name = Products;
			sourceTree = "<group>";
		};
		9CFB3FE11F64259300CB9FAA /* Smashtag */ = {
			isa = PBXGroup;
			children = (
				9CFB3FF51F64267C00CB9FAA /* TweetTableViewController.swift */,
				9CFB3FE61F64259300CB9FAA /* Main.storyboard */,
				9C38F45D1F743FE1002795DB /* TweetTableViewCell.swift */,
				9CFB3FEE1F64259300CB9FAA /* Info.plist */,
				9CFB3FF41F64261400CB9FAA /* Supporting Files */,
			);
			path = Smashtag;
			sourceTree = "<group>";
		};
		9CFB3FF41F64261400CB9FAA /* Supporting Files */ = {
			isa = PBXGroup;
			children = (
				9CFB3FE21F64259300CB9FAA /* AppDelegate.swift */,
				9CFB3FE91F64259300CB9FAA /* Assets.xcassets */,
				9CFB3FEB1F64259300CB9FAA /* LaunchScreen.storyboard */,
			);
			path = "Supporting Files";
			sourceTree = "<group>";
		};
/* End PBXGroup section */

/* Begin PBXNativeTarget section */
		9CFB3FDE1F64259300CB9FAA /* Smashtag */ = {
			isa = PBXNativeTarget;
			buildConfigurationList = 9CFB3FF11F64259300CB9FAA /* Build configuration list for PBXNativeTarget "Smashtag" */;
			buildPhases = (
				9CFB3FDB1F64259300CB9FAA /* Sources */,
				9CFB3FDC1F64259300CB9FAA /* Frameworks */,
				9CFB3FDD1F64259300CB9FAA /* Resources */,
				9C53D3771F75966300967498 /* Embed Frameworks */,
			);
			buildRules = (
			);
			dependencies = (
			);
			name = Smashtag;
			productName = Smashtag;
			productReference = 9CFB3FDF1F64259300CB9FAA /* Smashtag.app */;
			productType = "com.apple.product-type.application";
		};
/* End PBXNativeTarget section */

/* Begin PBXProject section */
		9CFB3FD71F64259300CB9FAA /* Project object */ = {
			isa = PBXProject;
			attributes = {
				LastSwiftUpdateCheck = 0900;
				LastUpgradeCheck = 0900;
				ORGANIZATIONNAME = "Gajdos Gábor";
				TargetAttributes = {
					9CFB3FDE1F64259300CB9FAA = {
						CreatedOnToolsVersion = 9.0;
						ProvisioningStyle = Automatic;
					};
				};
			};
			buildConfigurationList = 9CFB3FDA1F64259300CB9FAA /* Build configuration list for PBXProject "Smashtag" */;
			compatibilityVersion = "Xcode 8.0";
			developmentRegion = en;
			hasScannedForEncodings = 0;
			knownRegions = (
				en,
				Base,
			);
			mainGroup = 9CFB3FD61F64259300CB9FAA;
			productRefGroup = 9CFB3FE01F64259300CB9FAA /* Products */;
			projectDirPath = "";
			projectRoot = "";
			targets = (
				9CFB3FDE1F64259300CB9FAA /* Smashtag */,
			);
		};
/* End PBXProject section */

/* Begin PBXResourcesBuildPhase section */
		9CFB3FDD1F64259300CB9FAA /* Resources */ = {
			isa = PBXResourcesBuildPhase;
			buildActionMask = 2147483647;
			files = (
				9CFB3FED1F64259300CB9FAA /* LaunchScreen.storyboard in Resources */,
				9CFB3FEA1F64259300CB9FAA /* Assets.xcassets in Resources */,
				9CFB3FE81F64259300CB9FAA /* Main.storyboard in Resources */,
			);
			runOnlyForDeploymentPostprocessing = 0;
		};
/* End PBXResourcesBuildPhase section */

/* Begin PBXSourcesBuildPhase section */
		9CFB3FDB1F64259300CB9FAA /* Sources */ = {
			isa = PBXSourcesBuildPhase;
			buildActionMask = 2147483647;
			files = (
				9CFB3FE31F64259300CB9FAA /* AppDelegate.swift in Sources */,
				9CFB3FF61F64267C00CB9FAA /* TweetTableViewController.swift in Sources */,
				9C38F45E1F743FE1002795DB /* TweetTableViewCell.swift in Sources */,
			);
			runOnlyForDeploymentPostprocessing = 0;
		};
/* End PBXSourcesBuildPhase section */

/* Begin PBXVariantGroup section */
		9CFB3FE61F64259300CB9FAA /* Main.storyboard */ = {
			isa = PBXVariantGroup;
			children = (
				9CFB3FE71F64259300CB9FAA /* Base */,
			);
			name = Main.storyboard;
			sourceTree = "<group>";
		};
		9CFB3FEB1F64259300CB9FAA /* LaunchScreen.storyboard */ = {
			isa = PBXVariantGroup;
			children = (
				9CFB3FEC1F64259300CB9FAA /* Base */,
			);
			name = LaunchScreen.storyboard;
			sourceTree = "<group>";
		};
/* End PBXVariantGroup section */

/* Begin XCBuildConfiguration section */
		9CFB3FEF1F64259300CB9FAA /* Debug */ = {
			isa = XCBuildConfiguration;
			buildSettings = {
				ALWAYS_SEARCH_USER_PATHS = NO;
				CLANG_ANALYZER_NONNULL = YES;
				CLANG_ANALYZER_NUMBER_OBJECT_CONVERSION = YES_AGGRESSIVE;
				CLANG_CXX_LANGUAGE_STANDARD = "gnu++14";
				CLANG_CXX_LIBRARY = "libc++";
				CLANG_ENABLE_MODULES = YES;
				CLANG_ENABLE_OBJC_ARC = YES;
				CLANG_WARN_BLOCK_CAPTURE_AUTORELEASING = YES;
				CLANG_WARN_BOOL_CONVERSION = YES;
				CLANG_WARN_COMMA = YES;
				CLANG_WARN_CONSTANT_CONVERSION = YES;
				CLANG_WARN_DIRECT_OBJC_ISA_USAGE = YES_ERROR;
				CLANG_WARN_DOCUMENTATION_COMMENTS = YES;
				CLANG_WARN_EMPTY_BODY = YES;
				CLANG_WARN_ENUM_CONVERSION = YES;
				CLANG_WARN_INFINITE_RECURSION = YES;
				CLANG_WARN_INT_CONVERSION = YES;
				CLANG_WARN_NON_LITERAL_NULL_CONVERSION = YES;
				CLANG_WARN_OBJC_LITERAL_CONVERSION = YES;
				CLANG_WARN_OBJC_ROOT_CLASS = YES_ERROR;
				CLANG_WARN_RANGE_LOOP_ANALYSIS = YES;
				CLANG_WARN_STRICT_PROTOTYPES = YES;
				CLANG_WARN_SUSPICIOUS_MOVE = YES;
				CLANG_WARN_UNGUARDED_AVAILABILITY = YES_AGGRESSIVE;
				CLANG_WARN_UNREACHABLE_CODE = YES;
				CLANG_WARN__DUPLICATE_METHOD_MATCH = YES;
				CODE_SIGN_IDENTITY = "iPhone Developer";
				COPY_PHASE_STRIP = NO;
				DEBUG_INFORMATION_FORMAT = dwarf;
				ENABLE_STRICT_OBJC_MSGSEND = YES;
				ENABLE_TESTABILITY = YES;
				GCC_C_LANGUAGE_STANDARD = gnu11;
				GCC_DYNAMIC_NO_PIC = NO;
				GCC_NO_COMMON_BLOCKS = YES;
				GCC_OPTIMIZATION_LEVEL = 0;
				GCC_PREPROCESSOR_DEFINITIONS = (
					"DEBUG=1",
					"$(inherited)",
				);
				GCC_WARN_64_TO_32_BIT_CONVERSION = YES;
				GCC_WARN_ABOUT_RETURN_TYPE = YES_ERROR;
				GCC_WARN_UNDECLARED_SELECTOR = YES;
				GCC_WARN_UNINITIALIZED_AUTOS = YES_AGGRESSIVE;
				GCC_WARN_UNUSED_FUNCTION = YES;
				GCC_WARN_UNUSED_VARIABLE = YES;
				IPHONEOS_DEPLOYMENT_TARGET = 11.0;
				MTL_ENABLE_DEBUG_INFO = YES;
				ONLY_ACTIVE_ARCH = YES;
				SDKROOT = iphoneos;
				SWIFT_ACTIVE_COMPILATION_CONDITIONS = DEBUG;
				SWIFT_OPTIMIZATION_LEVEL = "-Onone";
			};
			name = Debug;
		};
		9CFB3FF01F64259300CB9FAA /* Release */ = {
			isa = XCBuildConfiguration;
			buildSettings = {
				ALWAYS_SEARCH_USER_PATHS = NO;
				CLANG_ANALYZER_NONNULL = YES;
				CLANG_ANALYZER_NUMBER_OBJECT_CONVERSION = YES_AGGRESSIVE;
				CLANG_CXX_LANGUAGE_STANDARD = "gnu++14";
				CLANG_CXX_LIBRARY = "libc++";
				CLANG_ENABLE_MODULES = YES;
				CLANG_ENABLE_OBJC_ARC = YES;
				CLANG_WARN_BLOCK_CAPTURE_AUTORELEASING = YES;
				CLANG_WARN_BOOL_CONVERSION = YES;
				CLANG_WARN_COMMA = YES;
				CLANG_WARN_CONSTANT_CONVERSION = YES;
				CLANG_WARN_DIRECT_OBJC_ISA_USAGE = YES_ERROR;
				CLANG_WARN_DOCUMENTATION_COMMENTS = YES;
				CLANG_WARN_EMPTY_BODY = YES;
				CLANG_WARN_ENUM_CONVERSION = YES;
				CLANG_WARN_INFINITE_RECURSION = YES;
				CLANG_WARN_INT_CONVERSION = YES;
				CLANG_WARN_NON_LITERAL_NULL_CONVERSION = YES;
				CLANG_WARN_OBJC_LITERAL_CONVERSION = YES;
				CLANG_WARN_OBJC_ROOT_CLASS = YES_ERROR;
				CLANG_WARN_RANGE_LOOP_ANALYSIS = YES;
				CLANG_WARN_STRICT_PROTOTYPES = YES;
				CLANG_WARN_SUSPICIOUS_MOVE = YES;
				CLANG_WARN_UNGUARDED_AVAILABILITY = YES_AGGRESSIVE;
				CLANG_WARN_UNREACHABLE_CODE = YES;
				CLANG_WARN__DUPLICATE_METHOD_MATCH = YES;
				CODE_SIGN_IDENTITY = "iPhone Developer";
				COPY_PHASE_STRIP = NO;
				DEBUG_INFORMATION_FORMAT = "dwarf-with-dsym";
				ENABLE_NS_ASSERTIONS = NO;
				ENABLE_STRICT_OBJC_MSGSEND = YES;
				GCC_C_LANGUAGE_STANDARD = gnu11;
				GCC_NO_COMMON_BLOCKS = YES;
				GCC_WARN_64_TO_32_BIT_CONVERSION = YES;
				GCC_WARN_ABOUT_RETURN_TYPE = YES_ERROR;
				GCC_WARN_UNDECLARED_SELECTOR = YES;
				GCC_WARN_UNINITIALIZED_AUTOS = YES_AGGRESSIVE;
				GCC_WARN_UNUSED_FUNCTION = YES;
				GCC_WARN_UNUSED_VARIABLE = YES;
				IPHONEOS_DEPLOYMENT_TARGET = 11.0;
				MTL_ENABLE_DEBUG_INFO = NO;
				SDKROOT = iphoneos;
				SWIFT_OPTIMIZATION_LEVEL = "-Owholemodule";
				VALIDATE_PRODUCT = YES;
			};
			name = Release;
		};
		9CFB3FF21F64259300CB9FAA /* Debug */ = {
			isa = XCBuildConfiguration;
			buildSettings = {
				ASSETCATALOG_COMPILER_APPICON_NAME = AppIcon;
				CODE_SIGN_STYLE = Automatic;
				DEVELOPMENT_TEAM = DDP99N9N6M;
				INFOPLIST_FILE = Smashtag/Info.plist;
				IPHONEOS_DEPLOYMENT_TARGET = 10.3;
				LD_RUNPATH_SEARCH_PATHS = "$(inherited) @executable_path/Frameworks";
				PRODUCT_BUNDLE_IDENTIFIER = com.gazsiazasz.Smashtag;
				PRODUCT_NAME = "$(TARGET_NAME)";
				SWIFT_VERSION = 4.0;
				TARGETED_DEVICE_FAMILY = "1,2";
			};
			name = Debug;
		};
		9CFB3FF31F64259300CB9FAA /* Release */ = {
			isa = XCBuildConfiguration;
			buildSettings = {
				ASSETCATALOG_COMPILER_APPICON_NAME = AppIcon;
				CODE_SIGN_STYLE = Automatic;
				DEVELOPMENT_TEAM = DDP99N9N6M;
				INFOPLIST_FILE = Smashtag/Info.plist;
				IPHONEOS_DEPLOYMENT_TARGET = 10.3;
				LD_RUNPATH_SEARCH_PATHS = "$(inherited) @executable_path/Frameworks";
				PRODUCT_BUNDLE_IDENTIFIER = com.gazsiazasz.Smashtag;
				PRODUCT_NAME = "$(TARGET_NAME)";
				SWIFT_VERSION = 4.0;
				TARGETED_DEVICE_FAMILY = "1,2";
			};
			name = Release;
		};
/* End XCBuildConfiguration section */

/* Begin XCConfigurationList section */
		9CFB3FDA1F64259300CB9FAA /* Build configuration list for PBXProject "Smashtag" */ = {
			isa = XCConfigurationList;
			buildConfigurations = (
				9CFB3FEF1F64259300CB9FAA /* Debug */,
				9CFB3FF01F64259300CB9FAA /* Release */,
			);
			defaultConfigurationIsVisible = 0;
			defaultConfigurationName = Release;
		};
		9CFB3FF11F64259300CB9FAA /* Build configuration list for PBXNativeTarget "Smashtag" */ = {
			isa = XCConfigurationList;
			buildConfigurations = (
				9CFB3FF21F64259300CB9FAA /* Debug */,
				9CFB3FF31F64259300CB9FAA /* Release */,
			);
			defaultConfigurationIsVisible = 0;
			defaultConfigurationName = Release;
		};
/* End XCConfigurationList section */
	};
	rootObject = 9CFB3FD71F64259300CB9FAA /* Project object */;
}
